
Microsoft Visual Studio Solution File, Format Version 12.00
# Visual Studio 14
VisualStudioVersion = 14.0.23107.0
MinimumVisualStudioVersion = 10.0.40219.1
Project("{FAE04EC0-301F-11D3-BF4B-00C04F79EFBC}") = "Canducci.Gravatar", "Canducci.Gravatar\Canducci.Gravatar.csproj", "{18E5C04C-5699-45E3-B792-5FF19692A6BA}"
EndProject
Project("{FAE04EC0-301F-11D3-BF4B-00C04F79EFBC}") = "Canducci.Gravatar.Console", "Canducci.Gravatar.Console\Canducci.Gravatar.Console.csproj", "{03A8BD25-8833-433F-A6D6-4722C68A0D73}"
EndProject
Global
	GlobalSection(SolutionConfigurationPlatforms) = preSolution
		Debug|Any CPU = Debug|Any CPU
		Release|Any CPU = Release|Any CPU
	EndGlobalSection
	GlobalSection(ProjectConfigurationPlatforms) = postSolution
		{18E5C04C-5699-45E3-B792-5FF19692A6BA}.Debug|Any CPU.ActiveCfg = Debug|Any CPU
		{18E5C04C-5699-45E3-B792-5FF19692A6BA}.Debug|Any CPU.Build.0 = Debug|Any CPU
		{18E5C04C-5699-45E3-B792-5FF19692A6BA}.Release|Any CPU.ActiveCfg = Release|Any CPU
		{18E5C04C-5699-45E3-B792-5FF19692A6BA}.Release|Any CPU.Build.0 = Release|Any CPU
		{03A8BD25-8833-433F-A6D6-4722C68A0D73}.Debug|Any CPU.ActiveCfg = Debug|Any CPU
		{03A8BD25-8833-433F-A6D6-4722C68A0D73}.Debug|Any CPU.Build.0 = Debug|Any CPU
		{03A8BD25-8833-433F-A6D6-4722C68A0D73}.Release|Any CPU.ActiveCfg = Release|Any CPU
		{03A8BD25-8833-433F-A6D6-4722C68A0D73}.Release|Any CPU.Build.0 = Release|Any CPU
	EndGlobalSection
	GlobalSection(SolutionProperties) = preSolution
		HideSolutionNode = FALSE
	EndGlobalSection
EndGlobal
